
Microsoft Visual Studio Solution File, Format Version 12.00
# Visual Studio Version 17
VisualStudioVersion = 17.4.33213.308
MinimumVisualStudioVersion = 10.0.40219.1
Project("{FAE04EC0-301F-11D3-BF4B-00C04F79EFBC}") = "VehicleInterfaceTask3", "VehicleInterfaceTask3.csproj", "{5033F2EA-813F-4B59-BDAE-BDA0C800B9E2}"
EndProject
Global
	GlobalSection(SolutionConfigurationPlatforms) = preSolution
		Debug|Any CPU = Debug|Any CPU
		Release|Any CPU = Release|Any CPU
	EndGlobalSection
	GlobalSection(ProjectConfigurationPlatforms) = postSolution
		{5033F2EA-813F-4B59-BDAE-BDA0C800B9E2}.Debug|Any CPU.ActiveCfg = Debug|Any CPU
		{5033F2EA-813F-4B59-BDAE-BDA0C800B9E2}.Debug|Any CPU.Build.0 = Debug|Any CPU
		{5033F2EA-813F-4B59-BDAE-BDA0C800B9E2}.Release|Any CPU.ActiveCfg = Release|Any CPU
		{5033F2EA-813F-4B59-BDAE-BDA0C800B9E2}.Release|Any CPU.Build.0 = Release|Any CPU
	EndGlobalSection
	GlobalSection(SolutionProperties) = preSolution
		HideSolutionNode = FALSE
	EndGlobalSection
	GlobalSection(ExtensibilityGlobals) = postSolution
		SolutionGuid = {F5AA1C8C-9B52-49C8-917B-BBA12770D4C4}
	EndGlobalSection
EndGlobal
